
Microsoft Visual Studio Solution File, Format Version 12.00
# Visual Studio Version 16
VisualStudioVersion = 16.0.30413.136
MinimumVisualStudioVersion = 10.0.40219.1
Project("{FAE04EC0-301F-11D3-BF4B-00C04F79EFBC}") = "BudgetWebApp", "BudgetWebApp\BudgetWebApp.csproj", "{5C42A1C6-CCB8-44E0-82CE-7664A828492A}"
EndProject
Global
	GlobalSection(SolutionConfigurationPlatforms) = preSolution
		Debug|Any CPU = Debug|Any CPU
		Release|Any CPU = Release|Any CPU
	EndGlobalSection
	GlobalSection(ProjectConfigurationPlatforms) = postSolution
		{5C42A1C6-CCB8-44E0-82CE-7664A828492A}.Debug|Any CPU.ActiveCfg = Debug|Any CPU
		{5C42A1C6-CCB8-44E0-82CE-7664A828492A}.Debug|Any CPU.Build.0 = Debug|Any CPU
		{5C42A1C6-CCB8-44E0-82CE-7664A828492A}.Release|Any CPU.ActiveCfg = Release|Any CPU
		{5C42A1C6-CCB8-44E0-82CE-7664A828492A}.Release|Any CPU.Build.0 = Release|Any CPU
	EndGlobalSection
	GlobalSection(SolutionProperties) = preSolution
		HideSolutionNode = FALSE
	EndGlobalSection
	GlobalSection(ExtensibilityGlobals) = postSolution
		SolutionGuid = {DCF6583E-DF05-4761-A8C2-B917641D2188}
	EndGlobalSection
EndGlobal
